
Microsoft Visual Studio Solution File, Format Version 12.00
# Visual Studio Version 17
VisualStudioVersion = 17.0.31903.59
MinimumVisualStudioVersion = 10.0.40219.1
Project("{2150E333-8FDC-42A3-9474-1A3956D46DE8}") = "LABA04", "LABA04", "{267C300B-DD82-46F1-A1E9-9D71C60F4E62}"
EndProject
Project("{FAE04EC0-301F-11D3-BF4B-00C04F79EFBC}") = "OOP_SAMPLE", "LABA04\OOP_SAMPLE\OOP_SAMPLE.csproj", "{73B7DB5A-EF6E-4938-B976-8DE55F5DC05A}"
EndProject
Project("{2150E333-8FDC-42A3-9474-1A3956D46DE8}") = "LABA06", "LABA06", "{15A15DDA-D733-489C-B10A-D0863F210DE9}"
EndProject
Project("{FAE04EC0-301F-11D3-BF4B-00C04F79EFBC}") = "Task1", "LABA06\Task1\Task1.csproj", "{E93DACD3-0E7C-4F3B-B9E7-E4725BA8D315}"
EndProject
Project("{2150E333-8FDC-42A3-9474-1A3956D46DE8}") = "LABA07", "LABA07", "{724F11EF-E07D-428F-BB68-7C779355E328}"
EndProject
Project("{FAE04EC0-301F-11D3-BF4B-00C04F79EFBC}") = "TASK1", "LABA07\TASK1\TASK1.csproj", "{ADEC1876-BC82-49A1-B255-CB1B3B097C16}"
EndProject
Global
	GlobalSection(SolutionConfigurationPlatforms) = preSolution
		Debug|Any CPU = Debug|Any CPU
		Release|Any CPU = Release|Any CPU
	EndGlobalSection
	GlobalSection(SolutionProperties) = preSolution
		HideSolutionNode = FALSE
	EndGlobalSection
	GlobalSection(ProjectConfigurationPlatforms) = postSolution
		{73B7DB5A-EF6E-4938-B976-8DE55F5DC05A}.Debug|Any CPU.ActiveCfg = Debug|Any CPU
		{73B7DB5A-EF6E-4938-B976-8DE55F5DC05A}.Debug|Any CPU.Build.0 = Debug|Any CPU
		{73B7DB5A-EF6E-4938-B976-8DE55F5DC05A}.Release|Any CPU.ActiveCfg = Release|Any CPU
		{73B7DB5A-EF6E-4938-B976-8DE55F5DC05A}.Release|Any CPU.Build.0 = Release|Any CPU
		{E93DACD3-0E7C-4F3B-B9E7-E4725BA8D315}.Debug|Any CPU.ActiveCfg = Debug|Any CPU
		{E93DACD3-0E7C-4F3B-B9E7-E4725BA8D315}.Debug|Any CPU.Build.0 = Debug|Any CPU
		{E93DACD3-0E7C-4F3B-B9E7-E4725BA8D315}.Release|Any CPU.ActiveCfg = Release|Any CPU
		{E93DACD3-0E7C-4F3B-B9E7-E4725BA8D315}.Release|Any CPU.Build.0 = Release|Any CPU
		{ADEC1876-BC82-49A1-B255-CB1B3B097C16}.Debug|Any CPU.ActiveCfg = Debug|Any CPU
		{ADEC1876-BC82-49A1-B255-CB1B3B097C16}.Debug|Any CPU.Build.0 = Debug|Any CPU
		{ADEC1876-BC82-49A1-B255-CB1B3B097C16}.Release|Any CPU.ActiveCfg = Release|Any CPU
		{ADEC1876-BC82-49A1-B255-CB1B3B097C16}.Release|Any CPU.Build.0 = Release|Any CPU
	EndGlobalSection
	GlobalSection(NestedProjects) = preSolution
		{73B7DB5A-EF6E-4938-B976-8DE55F5DC05A} = {267C300B-DD82-46F1-A1E9-9D71C60F4E62}
		{E93DACD3-0E7C-4F3B-B9E7-E4725BA8D315} = {15A15DDA-D733-489C-B10A-D0863F210DE9}
		{ADEC1876-BC82-49A1-B255-CB1B3B097C16} = {724F11EF-E07D-428F-BB68-7C779355E328}
	EndGlobalSection
EndGlobal
